# This file was autogenerated by Stack.
# You should not edit this file by hand.
# For more information, please see the documentation at:
#   https://docs.haskellstack.org/en/stable/lock_files

packages:
- completed:
    hackage: wai-cli-0.2.3@sha256:17ac631c5f11bedb4e32604d351084cafbdb1be4953cd1f521e55f06d82729dc,1958
    pantry-tree:
      size: 269
      sha256: 0b2f8570e15d502cfddd524741b24e4f4a639b0d18ead18f79a0444c25cc0812
  original:
    hackage: wai-cli-0.2.3
snapshots:
- completed:
    size: 586069
    url: https://raw.githubusercontent.com/commercialhaskell/stackage-snapshots/master/lts/18/14.yaml
    sha256: 87842ecbaa8ca9cee59a7e6be52369dbed82ed075cb4e0d152614a627e8fd488
  original: lts-18.14
