# This file was autogenerated by Stack.
# You should not edit this file by hand.
# For more information, please see the documentation at:
#   https://docs.haskellstack.org/en/stable/lock_files

packages:
- completed:
    hackage: prometheus-metrics-ghc-1.0.1.1@sha256:d378a7186a967140fe0e09d325fe5e3bfd7b77a1123934b40f81fdfed2eacbdc,1233
    pantry-tree:
      size: 293
      sha256: 0732085a4148b269bbc15eeb7ab422e65ac287878a42a7388a7b6e140ec740e5
  original:
    hackage: prometheus-metrics-ghc-1.0.1.1@sha256:d378a7186a967140fe0e09d325fe5e3bfd7b77a1123934b40f81fdfed2eacbdc,1233
- completed:
    hackage: wai-middleware-prometheus-1.0.0@sha256:1625792914fb2139f005685be8ce519111451cfb854816e430fbf54af46238b4,1314
    pantry-tree:
      size: 307
      sha256: 6d64803c639ed4c7204ea6fab0536b97d3ee16cdecb9b4a883cd8e56d3c61402
  original:
    hackage: wai-middleware-prometheus-1.0.0@sha256:1625792914fb2139f005685be8ce519111451cfb854816e430fbf54af46238b4,1314
snapshots:
- completed:
    size: 532377
    url: https://raw.githubusercontent.com/commercialhaskell/stackage-snapshots/master/lts/16/12.yaml
    sha256: f914cfa23fef85bdf895e300a8234d9d0edc2dbec67f4bc9c53f85867c50eab6
  original: lts-16.12
