# This file was autogenerated by Stack.
# You should not edit this file by hand.
# For more information, please see the documentation at:
#   https://docs.haskellstack.org/en/stable/lock_files

packages:
- completed:
    hackage: wai-cli-0.2.3@sha256:17ac631c5f11bedb4e32604d351084cafbdb1be4953cd1f521e55f06d82729dc,1958
    pantry-tree:
      size: 269
      sha256: 0b2f8570e15d502cfddd524741b24e4f4a639b0d18ead18f79a0444c25cc0812
  original:
    hackage: wai-cli-0.2.3
- completed:
    subdir: servant-auth/servant-auth-server
    name: servant-auth-server
    version: 0.4.6.0
    git: https://github.com/haskell-servant/servant.git
    pantry-tree:
      size: 1469
      sha256: 16b8a55e761c60aed667c6dd9901c8179f347e061f07a7812a3abf7798178efe
    commit: 4e4ad495efc50aed5af57a9bcf6a426992294477
  original:
    subdir: servant-auth/servant-auth-server
    git: https://github.com/haskell-servant/servant.git
    commit: 4e4ad495efc50aed5af57a9bcf6a426992294477
snapshots:
- completed:
    size: 586069
    url: https://raw.githubusercontent.com/commercialhaskell/stackage-snapshots/master/lts/18/14.yaml
    sha256: 87842ecbaa8ca9cee59a7e6be52369dbed82ed075cb4e0d152614a627e8fd488
  original: lts-18.14
